{
  "nodes": {
    "nixpkgs": {
      "locked": {
        "lastModified": 1774563004,
        "narHash": "sha256-SJkpxxntpUzSJnkqR9eAozhQZILLfHf6h0bMMy07suY=",
        "owner": "NixOS",
        "repo": "nixpkgs",
        "rev": "4f0612f75fd39379d63cf59d3b9078dae6137706",
        "type": "github"
      },
      "original": {
        "owner": "NixOS",
        "ref": "release-25.11",
        "repo": "nixpkgs",
        "type": "github"
      }
    },
    "root": {
      "inputs": {
        "nixpkgs": "nixpkgs"
      }
    }
  },
  "root": "root",
  "version": 7
}
