{
  "nodes": {
    "flake-utils": {
      "inputs": {
        "systems": "systems"
      },
      "locked": {
        "lastModified": 1710146030,
        "narHash": "sha256-SZ5L6eA7HJ/nmkzGG7/ISclqe6oZdOZTNoesiInkXPQ=",
        "owner": "numtide",
        "repo": "flake-utils",
        "rev": "b1d9ab70662946ef0850d488da1c9019f3a9752a",
        "type": "github"
      },
      "original": {
        "owner": "numtide",
        "repo": "flake-utils",
        "type": "github"
      }
    },
    "nixpkgs": {
      "flake": false,
      "locked": {
        "lastModified": 1689277352,
        "narHash": "sha256-dhriG/Uq73gwdNuCbjxEnFD60DyAuIH1YAj5rERrHIM=",
        "type": "tarball",
        "url": "https://github.com/nh2/nixpkgs/archive/9e49f8f1f37bc906cda1adb33064c325d760819a.tar.gz"
      },
      "original": {
        "type": "tarball",
        "url": "https://github.com/nh2/nixpkgs/archive/9e49f8f1f37bc906cda1adb33064c325d760819a.tar.gz"
      }
    },
    "root": {
      "inputs": {
        "flake-utils": "flake-utils",
        "nixpkgs": "nixpkgs",
        "static-haskell-nix": "static-haskell-nix"
      }
    },
    "static-haskell-nix": {
      "flake": false,
      "locked": {
        "lastModified": 1718492291,
        "narHash": "sha256-XbBHPJk3ln+uLW+Dsio7vJNYnsHhmqenbI7cLsP8kHg=",
        "owner": "nh2",
        "repo": "static-haskell-nix",
        "rev": "481e7d73ca624278ef0f840a0a2ba09e3a583217",
        "type": "github"
      },
      "original": {
        "owner": "nh2",
        "repo": "static-haskell-nix",
        "type": "github"
      }
    },
    "systems": {
      "locked": {
        "lastModified": 1681028828,
        "narHash": "sha256-Vy1rq5AaRuLzOxct8nz4T6wlgyUR7zLU309k9mBC768=",
        "owner": "nix-systems",
        "repo": "default",
        "rev": "da67096a3b9bf56a91d16901293e51ba5b49a27e",
        "type": "github"
      },
      "original": {
        "owner": "nix-systems",
        "repo": "default",
        "type": "github"
      }
    }
  },
  "root": "root",
  "version": 7
}
